
Microsoft Visual Studio Solution File, Format Version 12.00
# Visual Studio Version 17
VisualStudioVersion = 17.7.34221.43
MinimumVisualStudioVersion = 10.0.40219.1
Project("{9A19103F-16F7-4668-BE54-9A1E7A4F7556}") = "Lab2", "Lab2\Lab2.csproj", "{19E251AC-B40D-4F53-9F17-712A29E1B639}"
EndProject
Project("{FAE04EC0-301F-11D3-BF4B-00C04F79EFBC}") = "Lab2.Tests", "Lab2.Tests\Lab2.Tests.csproj", "{F2B505C2-1FDB-4480-A808-D22E093581DF}"
EndProject
Global
	GlobalSection(SolutionConfigurationPlatforms) = preSolution
		Debug|Any CPU = Debug|Any CPU
		Release|Any CPU = Release|Any CPU
	EndGlobalSection
	GlobalSection(ProjectConfigurationPlatforms) = postSolution
		{19E251AC-B40D-4F53-9F17-712A29E1B639}.Debug|Any CPU.ActiveCfg = Debug|Any CPU
		{19E251AC-B40D-4F53-9F17-712A29E1B639}.Debug|Any CPU.Build.0 = Debug|Any CPU
		{19E251AC-B40D-4F53-9F17-712A29E1B639}.Release|Any CPU.ActiveCfg = Release|Any CPU
		{19E251AC-B40D-4F53-9F17-712A29E1B639}.Release|Any CPU.Build.0 = Release|Any CPU
		{F2B505C2-1FDB-4480-A808-D22E093581DF}.Debug|Any CPU.ActiveCfg = Debug|Any CPU
		{F2B505C2-1FDB-4480-A808-D22E093581DF}.Debug|Any CPU.Build.0 = Debug|Any CPU
		{F2B505C2-1FDB-4480-A808-D22E093581DF}.Release|Any CPU.ActiveCfg = Release|Any CPU
		{F2B505C2-1FDB-4480-A808-D22E093581DF}.Release|Any CPU.Build.0 = Release|Any CPU
	EndGlobalSection
	GlobalSection(SolutionProperties) = preSolution
		HideSolutionNode = FALSE
	EndGlobalSection
	GlobalSection(ExtensibilityGlobals) = postSolution
		SolutionGuid = {C13485DC-619B-49A5-9C22-F879D443B134}
	EndGlobalSection
EndGlobal
