
Microsoft Visual Studio Solution File, Format Version 12.00
# Visual Studio Version 17
VisualStudioVersion = 17.8.34316.72
MinimumVisualStudioVersion = 10.0.40219.1
Project("{FAE04EC0-301F-11D3-BF4B-00C04F79EFBC}") = "Lab3", "Lab3\Lab3.csproj", "{086698AD-EB0D-43F1-A4A3-BAD67C537D17}"
EndProject
Project("{FAE04EC0-301F-11D3-BF4B-00C04F79EFBC}") = "Lab3.Tests", "Lab3.Tests\Lab3.Tests.csproj", "{5A17C8C8-3A05-42BC-937C-A075E356D922}"
EndProject
Global
	GlobalSection(SolutionConfigurationPlatforms) = preSolution
		Debug|Any CPU = Debug|Any CPU
		Release|Any CPU = Release|Any CPU
	EndGlobalSection
	GlobalSection(ProjectConfigurationPlatforms) = postSolution
		{086698AD-EB0D-43F1-A4A3-BAD67C537D17}.Debug|Any CPU.ActiveCfg = Debug|Any CPU
		{086698AD-EB0D-43F1-A4A3-BAD67C537D17}.Debug|Any CPU.Build.0 = Debug|Any CPU
		{086698AD-EB0D-43F1-A4A3-BAD67C537D17}.Release|Any CPU.ActiveCfg = Release|Any CPU
		{086698AD-EB0D-43F1-A4A3-BAD67C537D17}.Release|Any CPU.Build.0 = Release|Any CPU
		{5A17C8C8-3A05-42BC-937C-A075E356D922}.Debug|Any CPU.ActiveCfg = Debug|Any CPU
		{5A17C8C8-3A05-42BC-937C-A075E356D922}.Debug|Any CPU.Build.0 = Debug|Any CPU
		{5A17C8C8-3A05-42BC-937C-A075E356D922}.Release|Any CPU.ActiveCfg = Release|Any CPU
		{5A17C8C8-3A05-42BC-937C-A075E356D922}.Release|Any CPU.Build.0 = Release|Any CPU
	EndGlobalSection
	GlobalSection(SolutionProperties) = preSolution
		HideSolutionNode = FALSE
	EndGlobalSection
	GlobalSection(ExtensibilityGlobals) = postSolution
		SolutionGuid = {7D3E744A-DD7B-49DD-850B-A5AEAEDAF4DF}
	EndGlobalSection
EndGlobal
